
Microsoft Visual Studio Solution File, Format Version 12.00
# Visual Studio Version 16
VisualStudioVersion = 16.0.31729.503
MinimumVisualStudioVersion = 10.0.40219.1
Project("{FAE04EC0-301F-11D3-BF4B-00C04F79EFBC}") = "T001", "T001\T001.csproj", "{89651146-B87F-4399-8C20-3A8D66B74010}"
EndProject
Project("{FAE04EC0-301F-11D3-BF4B-00C04F79EFBC}") = "T002", "T002\T002.csproj", "{016591B7-5801-40AE-A109-CB2DA02B0072}"
EndProject
Project("{FAE04EC0-301F-11D3-BF4B-00C04F79EFBC}") = "T003", "T003\T003.csproj", "{C3851A39-F803-42C4-A0DB-AFF06B5822A1}"
EndProject
Project("{FAE04EC0-301F-11D3-BF4B-00C04F79EFBC}") = "T004", "T004\T004.csproj", "{0564648B-E97D-4E43-AB9F-5C1DE38DF4D1}"
EndProject
Project("{FAE04EC0-301F-11D3-BF4B-00C04F79EFBC}") = "T005", "T005\T005.csproj", "{C49BE5C1-7063-4BBF-BB2A-BBEF5A5EED93}"
EndProject
Project("{FAE04EC0-301F-11D3-BF4B-00C04F79EFBC}") = "T006", "T006\T006.csproj", "{197719F3-39DD-486E-A8EB-C9BF7DE9C54E}"
EndProject
Project("{FAE04EC0-301F-11D3-BF4B-00C04F79EFBC}") = "T007", "T007\T007.csproj", "{1E7C2DAE-E1BA-45A0-A623-291D7305E5A9}"
EndProject
Project("{FAE04EC0-301F-11D3-BF4B-00C04F79EFBC}") = "T008", "T008\T008.csproj", "{4456CA88-4D49-4E90-A160-BE03095A82CB}"
EndProject
Project("{FAE04EC0-301F-11D3-BF4B-00C04F79EFBC}") = "T011", "T011\T011.csproj", "{43FAF5B8-46D5-4ABA-B854-4F278463DD16}"
EndProject
Project("{FAE04EC0-301F-11D3-BF4B-00C04F79EFBC}") = "T012", "T012\T012.csproj", "{6AC571F3-3F2C-46A1-AB5A-E407F6EB1B6F}"
EndProject
Project("{FAE04EC0-301F-11D3-BF4B-00C04F79EFBC}") = "T013", "T013\T013.csproj", "{47F731CB-0CD1-438F-9B9A-64D4220F6961}"
EndProject
Project("{FAE04EC0-301F-11D3-BF4B-00C04F79EFBC}") = "T014", "T014\T014.csproj", "{57A21F2E-FDD0-4A62-BEAE-5D04E68C3205}"
EndProject
Project("{FAE04EC0-301F-11D3-BF4B-00C04F79EFBC}") = "T015", "T015\T015.csproj", "{3DC41B00-BB32-4D4A-BFEF-01DDF0532A95}"
EndProject
Project("{FAE04EC0-301F-11D3-BF4B-00C04F79EFBC}") = "T016", "T016\T016.csproj", "{7A198AC5-6499-4198-B209-107419B1440B}"
EndProject
Project("{FAE04EC0-301F-11D3-BF4B-00C04F79EFBC}") = "T017", "T017\T017.csproj", "{384EBBBE-3AF5-43FB-A9F8-EFA3F505D7BD}"
EndProject
Project("{FAE04EC0-301F-11D3-BF4B-00C04F79EFBC}") = "T018", "T018\T018.csproj", "{B9DB78B5-2942-4136-BC40-1E2BC4ED0F02}"
EndProject
Project("{FAE04EC0-301F-11D3-BF4B-00C04F79EFBC}") = "T019", "T019\T019.csproj", "{1A9A2CFE-F255-4F07-AEE6-41AC16B3D02A}"
EndProject
Project("{FAE04EC0-301F-11D3-BF4B-00C04F79EFBC}") = "T201", "T201\T201.csproj", "{9C83C013-0AB1-46BC-B63B-BDACB5515B08}"
EndProject
Project("{FAE04EC0-301F-11D3-BF4B-00C04F79EFBC}") = "T202", "T202\T202.csproj", "{4386BE58-EBCF-478A-820B-F1884F5C7914}"
EndProject
Project("{FAE04EC0-301F-11D3-BF4B-00C04F79EFBC}") = "T203", "T203\T203.csproj", "{C168E5A6-AE3F-416F-A77A-BBB70C9D72A1}"
EndProject
Project("{FAE04EC0-301F-11D3-BF4B-00C04F79EFBC}") = "T204", "T204\T204.csproj", "{08AB16CC-F2C9-4A1D-935C-01B01CA39F50}"
EndProject
Project("{FAE04EC0-301F-11D3-BF4B-00C04F79EFBC}") = "T205", "T205\T205.csproj", "{1A841064-37C7-438B-89CC-9D560B0199A2}"
EndProject
Project("{FAE04EC0-301F-11D3-BF4B-00C04F79EFBC}") = "T206", "T206\T206.csproj", "{9E514E86-F7CD-47F3-A18D-05C4DEFA3329}"
EndProject
Project("{FAE04EC0-301F-11D3-BF4B-00C04F79EFBC}") = "T301", "T301\T301.csproj", "{411C8D8B-CD63-43AD-A9E0-7D2CF005E9AB}"
EndProject
Project("{FAE04EC0-301F-11D3-BF4B-00C04F79EFBC}") = "T302", "T302\T302.csproj", "{8A9C8E7C-13FF-47F8-8C81-EF02AC842646}"
EndProject
Project("{FAE04EC0-301F-11D3-BF4B-00C04F79EFBC}") = "T303", "T303\T303.csproj", "{1FDAB0B9-2C0C-4EF9-BF77-E0FE0A3B7246}"
EndProject
Project("{FAE04EC0-301F-11D3-BF4B-00C04F79EFBC}") = "T304", "T304\T304.csproj", "{DC532809-87FE-4604-962D-D2334A0D9145}"
EndProject
Project("{FAE04EC0-301F-11D3-BF4B-00C04F79EFBC}") = "T305", "T305\T305.csproj", "{0F2E0DB8-4D25-4D0D-BEBD-7A8527E876D1}"
EndProject
Project("{FAE04EC0-301F-11D3-BF4B-00C04F79EFBC}") = "T306", "T306\T306.csproj", "{440B5F92-9302-4A33-9060-1FDDED514BD7}"
EndProject
Project("{FAE04EC0-301F-11D3-BF4B-00C04F79EFBC}") = "T307", "T307\T307.csproj", "{D215B798-9A12-4812-B974-7F11AD5E99A4}"
EndProject
Project("{FAE04EC0-301F-11D3-BF4B-00C04F79EFBC}") = "T308", "T308\T308.csproj", "{143B836D-34B9-4A08-9850-25C493615FE0}"
EndProject
Project("{FAE04EC0-301F-11D3-BF4B-00C04F79EFBC}") = "T309", "T309\T309.csproj", "{30E70C57-A3B5-423D-998D-D205594DB8DF}"
EndProject
Project("{FAE04EC0-301F-11D3-BF4B-00C04F79EFBC}") = "T311", "T311\T311.csproj", "{EA49518D-7554-429F-A8B4-8B535C2B123F}"
EndProject
Project("{FAE04EC0-301F-11D3-BF4B-00C04F79EFBC}") = "T312", "T312\T312.csproj", "{3FBFF188-F449-4BC2-A483-F8D6547003BB}"
EndProject
Project("{FAE04EC0-301F-11D3-BF4B-00C04F79EFBC}") = "T401", "T401\T401.csproj", "{70FF03A3-342D-42E7-ADC8-531673EF721A}"
EndProject
Project("{FAE04EC0-301F-11D3-BF4B-00C04F79EFBC}") = "T402", "T402\T402.csproj", "{1054DAA1-D414-4C1E-88CE-F813DD43DE2D}"
EndProject
Project("{FAE04EC0-301F-11D3-BF4B-00C04F79EFBC}") = "T403", "T403\T403.csproj", "{D8076105-9C4F-48DE-81D3-6AE1770A9555}"
EndProject
Project("{FAE04EC0-301F-11D3-BF4B-00C04F79EFBC}") = "T404", "T404\T404.csproj", "{8C3A2252-BA8C-4630-AF0C-89D5D46E651E}"
EndProject
Project("{FAE04EC0-301F-11D3-BF4B-00C04F79EFBC}") = "T405", "T405\T405.csproj", "{349E48E4-D2F4-4CCB-B0A1-E21176D26C64}"
EndProject
Project("{FAE04EC0-301F-11D3-BF4B-00C04F79EFBC}") = "T406", "T406\T406.csproj", "{99C634F3-223F-4E3D-B7FB-CD4532E71C07}"
EndProject
Project("{FAE04EC0-301F-11D3-BF4B-00C04F79EFBC}") = "T407", "T407\T407.csproj", "{0122CE10-224C-41B3-8E89-7B786A4D03A1}"
EndProject
Project("{FAE04EC0-301F-11D3-BF4B-00C04F79EFBC}") = "T408", "T408\T408.csproj", "{CC15D534-10B3-4477-8B91-0F368D6E84EB}"
EndProject
Project("{FAE04EC0-301F-11D3-BF4B-00C04F79EFBC}") = "T409", "T409\T409.csproj", "{99C8CC59-AF84-424B-B34A-148F51A9958A}"
EndProject
Project("{FAE04EC0-301F-11D3-BF4B-00C04F79EFBC}") = "T502", "T502\T502.csproj", "{2C532900-5B0E-4D9C-82E8-CDE57EFECDFF}"
EndProject
Project("{FAE04EC0-301F-11D3-BF4B-00C04F79EFBC}") = "T503", "T503\T503.csproj", "{BFD1F906-ED79-4785-82B7-75D894CA7CFE}"
EndProject
Project("{FAE04EC0-301F-11D3-BF4B-00C04F79EFBC}") = "T504", "T504\T504.csproj", "{F603628A-3218-4F07-A0FE-76277237D878}"
EndProject
Project("{FAE04EC0-301F-11D3-BF4B-00C04F79EFBC}") = "T505", "T505\T505.csproj", "{147DF9C1-735A-4814-9186-E6C382252D6D}"
EndProject
Project("{FAE04EC0-301F-11D3-BF4B-00C04F79EFBC}") = "T506", "T506\T506.csproj", "{D56BC546-309F-4AA0-B8FD-28CCA9D8AF8D}"
EndProject
Project("{FAE04EC0-301F-11D3-BF4B-00C04F79EFBC}") = "T507", "T507\T507.csproj", "{12F4E8A8-6E74-46D0-B3CB-D61817A5A47D}"
EndProject
Project("{FAE04EC0-301F-11D3-BF4B-00C04F79EFBC}") = "T508", "T508\T508.csproj", "{245A6A65-4C82-4AE7-A258-A8B518036D00}"
EndProject
Project("{FAE04EC0-301F-11D3-BF4B-00C04F79EFBC}") = "T509", "T509\T509.csproj", "{E39D58CB-D908-456F-83D2-E972D1402220}"
EndProject
Project("{FAE04EC0-301F-11D3-BF4B-00C04F79EFBC}") = "T510", "T510\T510.csproj", "{291752A7-8715-453F-AB06-34B2A7E6D114}"
EndProject
Project("{FAE04EC0-301F-11D3-BF4B-00C04F79EFBC}") = "T602", "T602\T602.csproj", "{1DD52F26-C569-49D9-B081-EFBBA15A404C}"
EndProject
Project("{FAE04EC0-301F-11D3-BF4B-00C04F79EFBC}") = "T701", "T701\T701.csproj", "{DB307338-809F-4435-8A05-A7AC6F16C6E6}"
EndProject
Project("{FAE04EC0-301F-11D3-BF4B-00C04F79EFBC}") = "T702", "T702\T702.csproj", "{A00A7DB5-C172-4D91-B332-22FA34E3BD4C}"
EndProject
Project("{FAE04EC0-301F-11D3-BF4B-00C04F79EFBC}") = "T009", "T009\T009.csproj", "{7AD669F4-50ED-4ED1-A480-7FD4F3D376FE}"
EndProject
Project("{FAE04EC0-301F-11D3-BF4B-00C04F79EFBC}") = "T010", "T010\T010.csproj", "{CE241398-D98B-4F7A-B7C0-5B593F5DA774}"
EndProject
Global
	GlobalSection(SolutionConfigurationPlatforms) = preSolution
		Debug|Any CPU = Debug|Any CPU
		Release|Any CPU = Release|Any CPU
	EndGlobalSection
	GlobalSection(ProjectConfigurationPlatforms) = postSolution
		{89651146-B87F-4399-8C20-3A8D66B74010}.Debug|Any CPU.ActiveCfg = Debug|Any CPU
		{89651146-B87F-4399-8C20-3A8D66B74010}.Debug|Any CPU.Build.0 = Debug|Any CPU
		{89651146-B87F-4399-8C20-3A8D66B74010}.Release|Any CPU.ActiveCfg = Release|Any CPU
		{89651146-B87F-4399-8C20-3A8D66B74010}.Release|Any CPU.Build.0 = Release|Any CPU
		{016591B7-5801-40AE-A109-CB2DA02B0072}.Debug|Any CPU.ActiveCfg = Debug|Any CPU
		{016591B7-5801-40AE-A109-CB2DA02B0072}.Debug|Any CPU.Build.0 = Debug|Any CPU
		{016591B7-5801-40AE-A109-CB2DA02B0072}.Release|Any CPU.ActiveCfg = Release|Any CPU
		{016591B7-5801-40AE-A109-CB2DA02B0072}.Release|Any CPU.Build.0 = Release|Any CPU
		{C3851A39-F803-42C4-A0DB-AFF06B5822A1}.Debug|Any CPU.ActiveCfg = Debug|Any CPU
		{C3851A39-F803-42C4-A0DB-AFF06B5822A1}.Debug|Any CPU.Build.0 = Debug|Any CPU
		{C3851A39-F803-42C4-A0DB-AFF06B5822A1}.Release|Any CPU.ActiveCfg = Release|Any CPU
		{C3851A39-F803-42C4-A0DB-AFF06B5822A1}.Release|Any CPU.Build.0 = Release|Any CPU
		{0564648B-E97D-4E43-AB9F-5C1DE38DF4D1}.Debug|Any CPU.ActiveCfg = Debug|Any CPU
		{0564648B-E97D-4E43-AB9F-5C1DE38DF4D1}.Debug|Any CPU.Build.0 = Debug|Any CPU
		{0564648B-E97D-4E43-AB9F-5C1DE38DF4D1}.Release|Any CPU.ActiveCfg = Release|Any CPU
		{0564648B-E97D-4E43-AB9F-5C1DE38DF4D1}.Release|Any CPU.Build.0 = Release|Any CPU
		{C49BE5C1-7063-4BBF-BB2A-BBEF5A5EED93}.Debug|Any CPU.ActiveCfg = Debug|Any CPU
		{C49BE5C1-7063-4BBF-BB2A-BBEF5A5EED93}.Debug|Any CPU.Build.0 = Debug|Any CPU
		{C49BE5C1-7063-4BBF-BB2A-BBEF5A5EED93}.Release|Any CPU.ActiveCfg = Release|Any CPU
		{C49BE5C1-7063-4BBF-BB2A-BBEF5A5EED93}.Release|Any CPU.Build.0 = Release|Any CPU
		{197719F3-39DD-486E-A8EB-C9BF7DE9C54E}.Debug|Any CPU.ActiveCfg = Debug|Any CPU
		{197719F3-39DD-486E-A8EB-C9BF7DE9C54E}.Debug|Any CPU.Build.0 = Debug|Any CPU
		{197719F3-39DD-486E-A8EB-C9BF7DE9C54E}.Release|Any CPU.ActiveCfg = Release|Any CPU
		{197719F3-39DD-486E-A8EB-C9BF7DE9C54E}.Release|Any CPU.Build.0 = Release|Any CPU
		{1E7C2DAE-E1BA-45A0-A623-291D7305E5A9}.Debug|Any CPU.ActiveCfg = Debug|Any CPU
		{1E7C2DAE-E1BA-45A0-A623-291D7305E5A9}.Debug|Any CPU.Build.0 = Debug|Any CPU
		{1E7C2DAE-E1BA-45A0-A623-291D7305E5A9}.Release|Any CPU.ActiveCfg = Release|Any CPU
		{1E7C2DAE-E1BA-45A0-A623-291D7305E5A9}.Release|Any CPU.Build.0 = Release|Any CPU
		{4456CA88-4D49-4E90-A160-BE03095A82CB}.Debug|Any CPU.ActiveCfg = Debug|Any CPU
		{4456CA88-4D49-4E90-A160-BE03095A82CB}.Debug|Any CPU.Build.0 = Debug|Any CPU
		{4456CA88-4D49-4E90-A160-BE03095A82CB}.Release|Any CPU.ActiveCfg = Release|Any CPU
		{4456CA88-4D49-4E90-A160-BE03095A82CB}.Release|Any CPU.Build.0 = Release|Any CPU
		{43FAF5B8-46D5-4ABA-B854-4F278463DD16}.Debug|Any CPU.ActiveCfg = Debug|Any CPU
		{43FAF5B8-46D5-4ABA-B854-4F278463DD16}.Debug|Any CPU.Build.0 = Debug|Any CPU
		{43FAF5B8-46D5-4ABA-B854-4F278463DD16}.Release|Any CPU.ActiveCfg = Release|Any CPU
		{43FAF5B8-46D5-4ABA-B854-4F278463DD16}.Release|Any CPU.Build.0 = Release|Any CPU
		{6AC571F3-3F2C-46A1-AB5A-E407F6EB1B6F}.Debug|Any CPU.ActiveCfg = Debug|Any CPU
		{6AC571F3-3F2C-46A1-AB5A-E407F6EB1B6F}.Debug|Any CPU.Build.0 = Debug|Any CPU
		{6AC571F3-3F2C-46A1-AB5A-E407F6EB1B6F}.Release|Any CPU.ActiveCfg = Release|Any CPU
		{6AC571F3-3F2C-46A1-AB5A-E407F6EB1B6F}.Release|Any CPU.Build.0 = Release|Any CPU
		{47F731CB-0CD1-438F-9B9A-64D4220F6961}.Debug|Any CPU.ActiveCfg = Debug|Any CPU
		{47F731CB-0CD1-438F-9B9A-64D4220F6961}.Debug|Any CPU.Build.0 = Debug|Any CPU
		{47F731CB-0CD1-438F-9B9A-64D4220F6961}.Release|Any CPU.ActiveCfg = Release|Any CPU
		{47F731CB-0CD1-438F-9B9A-64D4220F6961}.Release|Any CPU.Build.0 = Release|Any CPU
		{57A21F2E-FDD0-4A62-BEAE-5D04E68C3205}.Debug|Any CPU.ActiveCfg = Debug|Any CPU
		{57A21F2E-FDD0-4A62-BEAE-5D04E68C3205}.Debug|Any CPU.Build.0 = Debug|Any CPU
		{57A21F2E-FDD0-4A62-BEAE-5D04E68C3205}.Release|Any CPU.ActiveCfg = Release|Any CPU
		{57A21F2E-FDD0-4A62-BEAE-5D04E68C3205}.Release|Any CPU.Build.0 = Release|Any CPU
		{3DC41B00-BB32-4D4A-BFEF-01DDF0532A95}.Debug|Any CPU.ActiveCfg = Debug|Any CPU
		{3DC41B00-BB32-4D4A-BFEF-01DDF0532A95}.Debug|Any CPU.Build.0 = Debug|Any CPU
		{3DC41B00-BB32-4D4A-BFEF-01DDF0532A95}.Release|Any CPU.ActiveCfg = Release|Any CPU
		{3DC41B00-BB32-4D4A-BFEF-01DDF0532A95}.Release|Any CPU.Build.0 = Release|Any CPU
		{7A198AC5-6499-4198-B209-107419B1440B}.Debug|Any CPU.ActiveCfg = Debug|Any CPU
		{7A198AC5-6499-4198-B209-107419B1440B}.Debug|Any CPU.Build.0 = Debug|Any CPU
		{7A198AC5-6499-4198-B209-107419B1440B}.Release|Any CPU.ActiveCfg = Release|Any CPU
		{7A198AC5-6499-4198-B209-107419B1440B}.Release|Any CPU.Build.0 = Release|Any CPU
		{384EBBBE-3AF5-43FB-A9F8-EFA3F505D7BD}.Debug|Any CPU.ActiveCfg = Debug|Any CPU
		{384EBBBE-3AF5-43FB-A9F8-EFA3F505D7BD}.Debug|Any CPU.Build.0 = Debug|Any CPU
		{384EBBBE-3AF5-43FB-A9F8-EFA3F505D7BD}.Release|Any CPU.ActiveCfg = Release|Any CPU
		{384EBBBE-3AF5-43FB-A9F8-EFA3F505D7BD}.Release|Any CPU.Build.0 = Release|Any CPU
		{B9DB78B5-2942-4136-BC40-1E2BC4ED0F02}.Debug|Any CPU.ActiveCfg = Debug|Any CPU
		{B9DB78B5-2942-4136-BC40-1E2BC4ED0F02}.Debug|Any CPU.Build.0 = Debug|Any CPU
		{B9DB78B5-2942-4136-BC40-1E2BC4ED0F02}.Release|Any CPU.ActiveCfg = Release|Any CPU
		{B9DB78B5-2942-4136-BC40-1E2BC4ED0F02}.Release|Any CPU.Build.0 = Release|Any CPU
		{1A9A2CFE-F255-4F07-AEE6-41AC16B3D02A}.Debug|Any CPU.ActiveCfg = Debug|Any CPU
		{1A9A2CFE-F255-4F07-AEE6-41AC16B3D02A}.Debug|Any CPU.Build.0 = Debug|Any CPU
		{1A9A2CFE-F255-4F07-AEE6-41AC16B3D02A}.Release|Any CPU.ActiveCfg = Release|Any CPU
		{1A9A2CFE-F255-4F07-AEE6-41AC16B3D02A}.Release|Any CPU.Build.0 = Release|Any CPU
		{9C83C013-0AB1-46BC-B63B-BDACB5515B08}.Debug|Any CPU.ActiveCfg = Debug|Any CPU
		{9C83C013-0AB1-46BC-B63B-BDACB5515B08}.Debug|Any CPU.Build.0 = Debug|Any CPU
		{9C83C013-0AB1-46BC-B63B-BDACB5515B08}.Release|Any CPU.ActiveCfg = Release|Any CPU
		{9C83C013-0AB1-46BC-B63B-BDACB5515B08}.Release|Any CPU.Build.0 = Release|Any CPU
		{4386BE58-EBCF-478A-820B-F1884F5C7914}.Debug|Any CPU.ActiveCfg = Debug|Any CPU
		{4386BE58-EBCF-478A-820B-F1884F5C7914}.Debug|Any CPU.Build.0 = Debug|Any CPU
		{4386BE58-EBCF-478A-820B-F1884F5C7914}.Release|Any CPU.ActiveCfg = Release|Any CPU
		{4386BE58-EBCF-478A-820B-F1884F5C7914}.Release|Any CPU.Build.0 = Release|Any CPU
		{C168E5A6-AE3F-416F-A77A-BBB70C9D72A1}.Debug|Any CPU.ActiveCfg = Debug|Any CPU
		{C168E5A6-AE3F-416F-A77A-BBB70C9D72A1}.Debug|Any CPU.Build.0 = Debug|Any CPU
		{C168E5A6-AE3F-416F-A77A-BBB70C9D72A1}.Release|Any CPU.ActiveCfg = Release|Any CPU
		{C168E5A6-AE3F-416F-A77A-BBB70C9D72A1}.Release|Any CPU.Build.0 = Release|Any CPU
		{08AB16CC-F2C9-4A1D-935C-01B01CA39F50}.Debug|Any CPU.ActiveCfg = Debug|Any CPU
		{08AB16CC-F2C9-4A1D-935C-01B01CA39F50}.Debug|Any CPU.Build.0 = Debug|Any CPU
		{08AB16CC-F2C9-4A1D-935C-01B01CA39F50}.Release|Any CPU.ActiveCfg = Release|Any CPU
		{08AB16CC-F2C9-4A1D-935C-01B01CA39F50}.Release|Any CPU.Build.0 = Release|Any CPU
		{1A841064-37C7-438B-89CC-9D560B0199A2}.Debug|Any CPU.ActiveCfg = Debug|Any CPU
		{1A841064-37C7-438B-89CC-9D560B0199A2}.Debug|Any CPU.Build.0 = Debug|Any CPU
		{1A841064-37C7-438B-89CC-9D560B0199A2}.Release|Any CPU.ActiveCfg = Release|Any CPU
		{1A841064-37C7-438B-89CC-9D560B0199A2}.Release|Any CPU.Build.0 = Release|Any CPU
		{9E514E86-F7CD-47F3-A18D-05C4DEFA3329}.Debug|Any CPU.ActiveCfg = Debug|Any CPU
		{9E514E86-F7CD-47F3-A18D-05C4DEFA3329}.Debug|Any CPU.Build.0 = Debug|Any CPU
		{9E514E86-F7CD-47F3-A18D-05C4DEFA3329}.Release|Any CPU.ActiveCfg = Release|Any CPU
		{9E514E86-F7CD-47F3-A18D-05C4DEFA3329}.Release|Any CPU.Build.0 = Release|Any CPU
		{411C8D8B-CD63-43AD-A9E0-7D2CF005E9AB}.Debug|Any CPU.ActiveCfg = Debug|Any CPU
		{411C8D8B-CD63-43AD-A9E0-7D2CF005E9AB}.Debug|Any CPU.Build.0 = Debug|Any CPU
		{411C8D8B-CD63-43AD-A9E0-7D2CF005E9AB}.Release|Any CPU.ActiveCfg = Release|Any CPU
		{411C8D8B-CD63-43AD-A9E0-7D2CF005E9AB}.Release|Any CPU.Build.0 = Release|Any CPU
		{8A9C8E7C-13FF-47F8-8C81-EF02AC842646}.Debug|Any CPU.ActiveCfg = Debug|Any CPU
		{8A9C8E7C-13FF-47F8-8C81-EF02AC842646}.Debug|Any CPU.Build.0 = Debug|Any CPU
		{8A9C8E7C-13FF-47F8-8C81-EF02AC842646}.Release|Any CPU.ActiveCfg = Release|Any CPU
		{8A9C8E7C-13FF-47F8-8C81-EF02AC842646}.Release|Any CPU.Build.0 = Release|Any CPU
		{1FDAB0B9-2C0C-4EF9-BF77-E0FE0A3B7246}.Debug|Any CPU.ActiveCfg = Debug|Any CPU
		{1FDAB0B9-2C0C-4EF9-BF77-E0FE0A3B7246}.Debug|Any CPU.Build.0 = Debug|Any CPU
		{1FDAB0B9-2C0C-4EF9-BF77-E0FE0A3B7246}.Release|Any CPU.ActiveCfg = Release|Any CPU
		{1FDAB0B9-2C0C-4EF9-BF77-E0FE0A3B7246}.Release|Any CPU.Build.0 = Release|Any CPU
		{DC532809-87FE-4604-962D-D2334A0D9145}.Debug|Any CPU.ActiveCfg = Debug|Any CPU
		{DC532809-87FE-4604-962D-D2334A0D9145}.Debug|Any CPU.Build.0 = Debug|Any CPU
		{DC532809-87FE-4604-962D-D2334A0D9145}.Release|Any CPU.ActiveCfg = Release|Any CPU
		{DC532809-87FE-4604-962D-D2334A0D9145}.Release|Any CPU.Build.0 = Release|Any CPU
		{0F2E0DB8-4D25-4D0D-BEBD-7A8527E876D1}.Debug|Any CPU.ActiveCfg = Debug|Any CPU
		{0F2E0DB8-4D25-4D0D-BEBD-7A8527E876D1}.Debug|Any CPU.Build.0 = Debug|Any CPU
		{0F2E0DB8-4D25-4D0D-BEBD-7A8527E876D1}.Release|Any CPU.ActiveCfg = Release|Any CPU
		{0F2E0DB8-4D25-4D0D-BEBD-7A8527E876D1}.Release|Any CPU.Build.0 = Release|Any CPU
		{440B5F92-9302-4A33-9060-1FDDED514BD7}.Debug|Any CPU.ActiveCfg = Debug|Any CPU
		{440B5F92-9302-4A33-9060-1FDDED514BD7}.Debug|Any CPU.Build.0 = Debug|Any CPU
		{440B5F92-9302-4A33-9060-1FDDED514BD7}.Release|Any CPU.ActiveCfg = Release|Any CPU
		{440B5F92-9302-4A33-9060-1FDDED514BD7}.Release|Any CPU.Build.0 = Release|Any CPU
		{D215B798-9A12-4812-B974-7F11AD5E99A4}.Debug|Any CPU.ActiveCfg = Debug|Any CPU
		{D215B798-9A12-4812-B974-7F11AD5E99A4}.Debug|Any CPU.Build.0 = Debug|Any CPU
		{D215B798-9A12-4812-B974-7F11AD5E99A4}.Release|Any CPU.ActiveCfg = Release|Any CPU
		{D215B798-9A12-4812-B974-7F11AD5E99A4}.Release|Any CPU.Build.0 = Release|Any CPU
		{143B836D-34B9-4A08-9850-25C493615FE0}.Debug|Any CPU.ActiveCfg = Debug|Any CPU
		{143B836D-34B9-4A08-9850-25C493615FE0}.Debug|Any CPU.Build.0 = Debug|Any CPU
		{143B836D-34B9-4A08-9850-25C493615FE0}.Release|Any CPU.ActiveCfg = Release|Any CPU
		{143B836D-34B9-4A08-9850-25C493615FE0}.Release|Any CPU.Build.0 = Release|Any CPU
		{30E70C57-A3B5-423D-998D-D205594DB8DF}.Debug|Any CPU.ActiveCfg = Debug|Any CPU
		{30E70C57-A3B5-423D-998D-D205594DB8DF}.Debug|Any CPU.Build.0 = Debug|Any CPU
		{30E70C57-A3B5-423D-998D-D205594DB8DF}.Release|Any CPU.ActiveCfg = Release|Any CPU
		{30E70C57-A3B5-423D-998D-D205594DB8DF}.Release|Any CPU.Build.0 = Release|Any CPU
		{EA49518D-7554-429F-A8B4-8B535C2B123F}.Debug|Any CPU.ActiveCfg = Debug|Any CPU
		{EA49518D-7554-429F-A8B4-8B535C2B123F}.Debug|Any CPU.Build.0 = Debug|Any CPU
		{EA49518D-7554-429F-A8B4-8B535C2B123F}.Release|Any CPU.ActiveCfg = Release|Any CPU
		{EA49518D-7554-429F-A8B4-8B535C2B123F}.Release|Any CPU.Build.0 = Release|Any CPU
		{3FBFF188-F449-4BC2-A483-F8D6547003BB}.Debug|Any CPU.ActiveCfg = Debug|Any CPU
		{3FBFF188-F449-4BC2-A483-F8D6547003BB}.Debug|Any CPU.Build.0 = Debug|Any CPU
		{3FBFF188-F449-4BC2-A483-F8D6547003BB}.Release|Any CPU.ActiveCfg = Release|Any CPU
		{3FBFF188-F449-4BC2-A483-F8D6547003BB}.Release|Any CPU.Build.0 = Release|Any CPU
		{70FF03A3-342D-42E7-ADC8-531673EF721A}.Debug|Any CPU.ActiveCfg = Debug|Any CPU
		{70FF03A3-342D-42E7-ADC8-531673EF721A}.Debug|Any CPU.Build.0 = Debug|Any CPU
		{70FF03A3-342D-42E7-ADC8-531673EF721A}.Release|Any CPU.ActiveCfg = Release|Any CPU
		{70FF03A3-342D-42E7-ADC8-531673EF721A}.Release|Any CPU.Build.0 = Release|Any CPU
		{1054DAA1-D414-4C1E-88CE-F813DD43DE2D}.Debug|Any CPU.ActiveCfg = Debug|Any CPU
		{1054DAA1-D414-4C1E-88CE-F813DD43DE2D}.Debug|Any CPU.Build.0 = Debug|Any CPU
		{1054DAA1-D414-4C1E-88CE-F813DD43DE2D}.Release|Any CPU.ActiveCfg = Release|Any CPU
		{1054DAA1-D414-4C1E-88CE-F813DD43DE2D}.Release|Any CPU.Build.0 = Release|Any CPU
		{D8076105-9C4F-48DE-81D3-6AE1770A9555}.Debug|Any CPU.ActiveCfg = Debug|Any CPU
		{D8076105-9C4F-48DE-81D3-6AE1770A9555}.Debug|Any CPU.Build.0 = Debug|Any CPU
		{D8076105-9C4F-48DE-81D3-6AE1770A9555}.Release|Any CPU.ActiveCfg = Release|Any CPU
		{D8076105-9C4F-48DE-81D3-6AE1770A9555}.Release|Any CPU.Build.0 = Release|Any CPU
		{8C3A2252-BA8C-4630-AF0C-89D5D46E651E}.Debug|Any CPU.ActiveCfg = Debug|Any CPU
		{8C3A2252-BA8C-4630-AF0C-89D5D46E651E}.Debug|Any CPU.Build.0 = Debug|Any CPU
		{8C3A2252-BA8C-4630-AF0C-89D5D46E651E}.Release|Any CPU.ActiveCfg = Release|Any CPU
		{8C3A2252-BA8C-4630-AF0C-89D5D46E651E}.Release|Any CPU.Build.0 = Release|Any CPU
		{349E48E4-D2F4-4CCB-B0A1-E21176D26C64}.Debug|Any CPU.ActiveCfg = Debug|Any CPU
		{349E48E4-D2F4-4CCB-B0A1-E21176D26C64}.Debug|Any CPU.Build.0 = Debug|Any CPU
		{349E48E4-D2F4-4CCB-B0A1-E21176D26C64}.Release|Any CPU.ActiveCfg = Release|Any CPU
		{349E48E4-D2F4-4CCB-B0A1-E21176D26C64}.Release|Any CPU.Build.0 = Release|Any CPU
		{99C634F3-223F-4E3D-B7FB-CD4532E71C07}.Debug|Any CPU.ActiveCfg = Debug|Any CPU
		{99C634F3-223F-4E3D-B7FB-CD4532E71C07}.Debug|Any CPU.Build.0 = Debug|Any CPU
		{99C634F3-223F-4E3D-B7FB-CD4532E71C07}.Release|Any CPU.ActiveCfg = Release|Any CPU
		{99C634F3-223F-4E3D-B7FB-CD4532E71C07}.Release|Any CPU.Build.0 = Release|Any CPU
		{0122CE10-224C-41B3-8E89-7B786A4D03A1}.Debug|Any CPU.ActiveCfg = Debug|Any CPU
		{0122CE10-224C-41B3-8E89-7B786A4D03A1}.Debug|Any CPU.Build.0 = Debug|Any CPU
		{0122CE10-224C-41B3-8E89-7B786A4D03A1}.Release|Any CPU.ActiveCfg = Release|Any CPU
		{0122CE10-224C-41B3-8E89-7B786A4D03A1}.Release|Any CPU.Build.0 = Release|Any CPU
		{CC15D534-10B3-4477-8B91-0F368D6E84EB}.Debug|Any CPU.ActiveCfg = Debug|Any CPU
		{CC15D534-10B3-4477-8B91-0F368D6E84EB}.Debug|Any CPU.Build.0 = Debug|Any CPU
		{CC15D534-10B3-4477-8B91-0F368D6E84EB}.Release|Any CPU.ActiveCfg = Release|Any CPU
		{CC15D534-10B3-4477-8B91-0F368D6E84EB}.Release|Any CPU.Build.0 = Release|Any CPU
		{99C8CC59-AF84-424B-B34A-148F51A9958A}.Debug|Any CPU.ActiveCfg = Debug|Any CPU
		{99C8CC59-AF84-424B-B34A-148F51A9958A}.Debug|Any CPU.Build.0 = Debug|Any CPU
		{99C8CC59-AF84-424B-B34A-148F51A9958A}.Release|Any CPU.ActiveCfg = Release|Any CPU
		{99C8CC59-AF84-424B-B34A-148F51A9958A}.Release|Any CPU.Build.0 = Release|Any CPU
		{2C532900-5B0E-4D9C-82E8-CDE57EFECDFF}.Debug|Any CPU.ActiveCfg = Debug|Any CPU
		{2C532900-5B0E-4D9C-82E8-CDE57EFECDFF}.Debug|Any CPU.Build.0 = Debug|Any CPU
		{2C532900-5B0E-4D9C-82E8-CDE57EFECDFF}.Release|Any CPU.ActiveCfg = Release|Any CPU
		{2C532900-5B0E-4D9C-82E8-CDE57EFECDFF}.Release|Any CPU.Build.0 = Release|Any CPU
		{BFD1F906-ED79-4785-82B7-75D894CA7CFE}.Debug|Any CPU.ActiveCfg = Debug|Any CPU
		{BFD1F906-ED79-4785-82B7-75D894CA7CFE}.Debug|Any CPU.Build.0 = Debug|Any CPU
		{BFD1F906-ED79-4785-82B7-75D894CA7CFE}.Release|Any CPU.ActiveCfg = Release|Any CPU
		{BFD1F906-ED79-4785-82B7-75D894CA7CFE}.Release|Any CPU.Build.0 = Release|Any CPU
		{F603628A-3218-4F07-A0FE-76277237D878}.Debug|Any CPU.ActiveCfg = Debug|Any CPU
		{F603628A-3218-4F07-A0FE-76277237D878}.Debug|Any CPU.Build.0 = Debug|Any CPU
		{F603628A-3218-4F07-A0FE-76277237D878}.Release|Any CPU.ActiveCfg = Release|Any CPU
		{F603628A-3218-4F07-A0FE-76277237D878}.Release|Any CPU.Build.0 = Release|Any CPU
		{147DF9C1-735A-4814-9186-E6C382252D6D}.Debug|Any CPU.ActiveCfg = Debug|Any CPU
		{147DF9C1-735A-4814-9186-E6C382252D6D}.Debug|Any CPU.Build.0 = Debug|Any CPU
		{147DF9C1-735A-4814-9186-E6C382252D6D}.Release|Any CPU.ActiveCfg = Release|Any CPU
		{147DF9C1-735A-4814-9186-E6C382252D6D}.Release|Any CPU.Build.0 = Release|Any CPU
		{D56BC546-309F-4AA0-B8FD-28CCA9D8AF8D}.Debug|Any CPU.ActiveCfg = Debug|Any CPU
		{D56BC546-309F-4AA0-B8FD-28CCA9D8AF8D}.Debug|Any CPU.Build.0 = Debug|Any CPU
		{D56BC546-309F-4AA0-B8FD-28CCA9D8AF8D}.Release|Any CPU.ActiveCfg = Release|Any CPU
		{D56BC546-309F-4AA0-B8FD-28CCA9D8AF8D}.Release|Any CPU.Build.0 = Release|Any CPU
		{12F4E8A8-6E74-46D0-B3CB-D61817A5A47D}.Debug|Any CPU.ActiveCfg = Debug|Any CPU
		{12F4E8A8-6E74-46D0-B3CB-D61817A5A47D}.Debug|Any CPU.Build.0 = Debug|Any CPU
		{12F4E8A8-6E74-46D0-B3CB-D61817A5A47D}.Release|Any CPU.ActiveCfg = Release|Any CPU
		{12F4E8A8-6E74-46D0-B3CB-D61817A5A47D}.Release|Any CPU.Build.0 = Release|Any CPU
		{245A6A65-4C82-4AE7-A258-A8B518036D00}.Debug|Any CPU.ActiveCfg = Debug|Any CPU
		{245A6A65-4C82-4AE7-A258-A8B518036D00}.Debug|Any CPU.Build.0 = Debug|Any CPU
		{245A6A65-4C82-4AE7-A258-A8B518036D00}.Release|Any CPU.ActiveCfg = Release|Any CPU
		{245A6A65-4C82-4AE7-A258-A8B518036D00}.Release|Any CPU.Build.0 = Release|Any CPU
		{E39D58CB-D908-456F-83D2-E972D1402220}.Debug|Any CPU.ActiveCfg = Debug|Any CPU
		{E39D58CB-D908-456F-83D2-E972D1402220}.Debug|Any CPU.Build.0 = Debug|Any CPU
		{E39D58CB-D908-456F-83D2-E972D1402220}.Release|Any CPU.ActiveCfg = Release|Any CPU
		{E39D58CB-D908-456F-83D2-E972D1402220}.Release|Any CPU.Build.0 = Release|Any CPU
		{291752A7-8715-453F-AB06-34B2A7E6D114}.Debug|Any CPU.ActiveCfg = Debug|Any CPU
		{291752A7-8715-453F-AB06-34B2A7E6D114}.Debug|Any CPU.Build.0 = Debug|Any CPU
		{291752A7-8715-453F-AB06-34B2A7E6D114}.Release|Any CPU.ActiveCfg = Release|Any CPU
		{291752A7-8715-453F-AB06-34B2A7E6D114}.Release|Any CPU.Build.0 = Release|Any CPU
		{1DD52F26-C569-49D9-B081-EFBBA15A404C}.Debug|Any CPU.ActiveCfg = Debug|Any CPU
		{1DD52F26-C569-49D9-B081-EFBBA15A404C}.Debug|Any CPU.Build.0 = Debug|Any CPU
		{1DD52F26-C569-49D9-B081-EFBBA15A404C}.Release|Any CPU.ActiveCfg = Release|Any CPU
		{1DD52F26-C569-49D9-B081-EFBBA15A404C}.Release|Any CPU.Build.0 = Release|Any CPU
		{DB307338-809F-4435-8A05-A7AC6F16C6E6}.Debug|Any CPU.ActiveCfg = Debug|Any CPU
		{DB307338-809F-4435-8A05-A7AC6F16C6E6}.Debug|Any CPU.Build.0 = Debug|Any CPU
		{DB307338-809F-4435-8A05-A7AC6F16C6E6}.Release|Any CPU.ActiveCfg = Release|Any CPU
		{DB307338-809F-4435-8A05-A7AC6F16C6E6}.Release|Any CPU.Build.0 = Release|Any CPU
		{A00A7DB5-C172-4D91-B332-22FA34E3BD4C}.Debug|Any CPU.ActiveCfg = Debug|Any CPU
		{A00A7DB5-C172-4D91-B332-22FA34E3BD4C}.Debug|Any CPU.Build.0 = Debug|Any CPU
		{A00A7DB5-C172-4D91-B332-22FA34E3BD4C}.Release|Any CPU.ActiveCfg = Release|Any CPU
		{A00A7DB5-C172-4D91-B332-22FA34E3BD4C}.Release|Any CPU.Build.0 = Release|Any CPU
		{7AD669F4-50ED-4ED1-A480-7FD4F3D376FE}.Debug|Any CPU.ActiveCfg = Debug|Any CPU
		{7AD669F4-50ED-4ED1-A480-7FD4F3D376FE}.Debug|Any CPU.Build.0 = Debug|Any CPU
		{7AD669F4-50ED-4ED1-A480-7FD4F3D376FE}.Release|Any CPU.ActiveCfg = Release|Any CPU
		{7AD669F4-50ED-4ED1-A480-7FD4F3D376FE}.Release|Any CPU.Build.0 = Release|Any CPU
		{CE241398-D98B-4F7A-B7C0-5B593F5DA774}.Debug|Any CPU.ActiveCfg = Debug|Any CPU
		{CE241398-D98B-4F7A-B7C0-5B593F5DA774}.Debug|Any CPU.Build.0 = Debug|Any CPU
		{CE241398-D98B-4F7A-B7C0-5B593F5DA774}.Release|Any CPU.ActiveCfg = Release|Any CPU
		{CE241398-D98B-4F7A-B7C0-5B593F5DA774}.Release|Any CPU.Build.0 = Release|Any CPU
	EndGlobalSection
	GlobalSection(SolutionProperties) = preSolution
		HideSolutionNode = FALSE
	EndGlobalSection
	GlobalSection(ExtensibilityGlobals) = postSolution
		SolutionGuid = {60CB1517-0FCB-4791-9629-B2D8800F88CC}
	EndGlobalSection
EndGlobal
